PODS:
  - CalendarScrollView (0.1.0)

DEPENDENCIES:
  - CalendarScrollView (from `../`)

EXTERNAL SOURCES:
  CalendarScrollView:
    :path: "../"

SPEC CHECKSUMS:
  CalendarScrollView: 5e5193ae0d5a1a49fa3160957ca0d9513bb5b5a7

PODFILE CHECKSUM: 12566b6b7e49bfecb8f3516d5bd87a216a956d91

COCOAPODS: 1.8.4
